
Microsoft Visual Studio Solution File, Format Version 11.00
# Visual Studio 2010
Project("{FAE04EC0-301F-11D3-BF4B-00C04F79EFBC}") = "Bowling", "Bowling\Bowling.csproj", "{E8A2B593-0328-444B-8799-9B1157E32666}"
EndProject
Project("{FAE04EC0-301F-11D3-BF4B-00C04F79EFBC}") = "BowlingTest", "BowlingTest\BowlingTest.csproj", "{0E915686-9013-4EF5-A523-4B5AA0AC16B0}"
EndProject
Project("{2150E333-8FDC-42A3-9474-1A3956D46DE8}") = "Solution Items", "Solution Items", "{E08FAC2B-5764-42B4-8CE7-A3D2D2EAFB37}"
	ProjectSection(SolutionItems) = preProject
		Bowling.vsmdi = Bowling.vsmdi
		Local.testsettings = Local.testsettings
		TraceAndTestImpact.testsettings = TraceAndTestImpact.testsettings
	EndProjectSection
EndProject
Global
	GlobalSection(TestCaseManagementSettings) = postSolution
		CategoryFile = Bowling.vsmdi
	EndGlobalSection
	GlobalSection(SolutionConfigurationPlatforms) = preSolution
		Debug|Any CPU = Debug|Any CPU
		Debug|Mixed Platforms = Debug|Mixed Platforms
		Debug|x86 = Debug|x86
		Release|Any CPU = Release|Any CPU
		Release|Mixed Platforms = Release|Mixed Platforms
		Release|x86 = Release|x86
	EndGlobalSection
	GlobalSection(ProjectConfigurationPlatforms) = postSolution
		{E8A2B593-0328-444B-8799-9B1157E32666}.Debug|Any CPU.ActiveCfg = Debug|x86
		{E8A2B593-0328-444B-8799-9B1157E32666}.Debug|Mixed Platforms.ActiveCfg = Debug|x86
		{E8A2B593-0328-444B-8799-9B1157E32666}.Debug|Mixed Platforms.Build.0 = Debug|x86
		{E8A2B593-0328-444B-8799-9B1157E32666}.Debug|x86.ActiveCfg = Debug|x86
		{E8A2B593-0328-444B-8799-9B1157E32666}.Debug|x86.Build.0 = Debug|x86
		{E8A2B593-0328-444B-8799-9B1157E32666}.Release|Any CPU.ActiveCfg = Release|x86
		{E8A2B593-0328-444B-8799-9B1157E32666}.Release|Mixed Platforms.ActiveCfg = Release|x86
		{E8A2B593-0328-444B-8799-9B1157E32666}.Release|Mixed Platforms.Build.0 = Release|x86
		{E8A2B593-0328-444B-8799-9B1157E32666}.Release|x86.ActiveCfg = Release|x86
		{E8A2B593-0328-444B-8799-9B1157E32666}.Release|x86.Build.0 = Release|x86
		{0E915686-9013-4EF5-A523-4B5AA0AC16B0}.Debug|Any CPU.ActiveCfg = Debug|Any CPU
		{0E915686-9013-4EF5-A523-4B5AA0AC16B0}.Debug|Any CPU.Build.0 = Debug|Any CPU
		{0E915686-9013-4EF5-A523-4B5AA0AC16B0}.Debug|Mixed Platforms.ActiveCfg = Debug|Any CPU
		{0E915686-9013-4EF5-A523-4B5AA0AC16B0}.Debug|Mixed Platforms.Build.0 = Debug|Any CPU
		{0E915686-9013-4EF5-A523-4B5AA0AC16B0}.Debug|x86.ActiveCfg = Debug|Any CPU
		{0E915686-9013-4EF5-A523-4B5AA0AC16B0}.Release|Any CPU.ActiveCfg = Release|Any CPU
		{0E915686-9013-4EF5-A523-4B5AA0AC16B0}.Release|Any CPU.Build.0 = Release|Any CPU
		{0E915686-9013-4EF5-A523-4B5AA0AC16B0}.Release|Mixed Platforms.ActiveCfg = Release|Any CPU
		{0E915686-9013-4EF5-A523-4B5AA0AC16B0}.Release|Mixed Platforms.Build.0 = Release|Any CPU
		{0E915686-9013-4EF5-A523-4B5AA0AC16B0}.Release|x86.ActiveCfg = Release|Any CPU
	EndGlobalSection
	GlobalSection(SolutionProperties) = preSolution
		HideSolutionNode = FALSE
	EndGlobalSection
EndGlobal
